// !$*UTF8*$!
{
	archiveVersion = 1;
	classes = {
	};
	objectVersion = 46;
	objects = {

/* Begin PBXBuildFile section */
		47FDB9361CC4AE7100203DA1 /* StorageMgr.m in Sources */ = {isa = PBXBuildFile; fileRef = 47FDB9331CC4AE7100203DA1 /* StorageMgr.m */; };
		47FDB9371CC4AE7100203DA1 /* Utilities.m in Sources */ = {isa = PBXBuildFile; fileRef = 47FDB9351CC4AE7100203DA1 /* Utilities.m */; };
		47FDB9421CC4AF3200203DA1 /* AppAPIClient.m in Sources */ = {isa = PBXBuildFile; fileRef = 47FDB93B1CC4AF3200203DA1 /* AppAPIClient.m */; };
		47FDB9431CC4AF3200203DA1 /* NSData+Base64.m in Sources */ = {isa = PBXBuildFile; fileRef = 47FDB93D1CC4AF3200203DA1 /* NSData+Base64.m */; };
		47FDB9441CC4AF3200203DA1 /* NSString+Crypt.m in Sources */ = {isa = PBXBuildFile; fileRef = 47FDB93F1CC4AF3200203DA1 /* NSString+Crypt.m */; };
		47FDB9451CC4AF3200203DA1 /* RequestAPI.m in Sources */ = {isa = PBXBuildFile; fileRef = 47FDB9411CC4AF3200203DA1 /* RequestAPI.m */; };
		47FDB9471CC4AF4600203DA1 /* Openssl.framework in Frameworks */ = {isa = PBXBuildFile; fileRef = 47FDB9461CC4AF4600203DA1 /* Openssl.framework */; };
		47FDB94A1CC4AF6500203DA1 /* BasicEncodingRules.m in Sources */ = {isa = PBXBuildFile; fileRef = 47FDB9491CC4AF6500203DA1 /* BasicEncodingRules.m */; };
		47FF38C21CC20F640085961B /* main.m in Sources */ = {isa = PBXBuildFile; fileRef = 47FF38C11CC20F640085961B /* main.m */; };
		47FF38C51CC20F640085961B /* AppDelegate.m in Sources */ = {isa = PBXBuildFile; fileRef = 47FF38C41CC20F640085961B /* AppDelegate.m */; };
		47FF38C81CC20F640085961B /* ViewController.m in Sources */ = {isa = PBXBuildFile; fileRef = 47FF38C71CC20F640085961B /* ViewController.m */; };
		47FF38CB1CC20F650085961B /* Main.storyboard in Resources */ = {isa = PBXBuildFile; fileRef = 47FF38C91CC20F650085961B /* Main.storyboard */; };
		47FF38CE1CC20F650085961B /* Bodybuilding.xcdatamodeld in Sources */ = {isa = PBXBuildFile; fileRef = 47FF38CC1CC20F650085961B /* Bodybuilding.xcdatamodeld */; };
		47FF38D01CC20F650085961B /* Assets.xcassets in Resources */ = {isa = PBXBuildFile; fileRef = 47FF38CF1CC20F650085961B /* Assets.xcassets */; };
		47FF38D31CC20F650085961B /* LaunchScreen.storyboard in Resources */ = {isa = PBXBuildFile; fileRef = 47FF38D11CC20F650085961B /* LaunchScreen.storyboard */; };
		47FF38DE1CC20F650085961B /* BodybuildingTests.m in Sources */ = {isa = PBXBuildFile; fileRef = 47FF38DD1CC20F650085961B /* BodybuildingTests.m */; };
		47FF38E91CC20F650085961B /* BodybuildingUITests.m in Sources */ = {isa = PBXBuildFile; fileRef = 47FF38E81CC20F650085961B /* BodybuildingUITests.m */; };
		A50EF20E85E41661919D2A83 /* libPods.a in Frameworks */ = {isa = PBXBuildFile; fileRef = FEEF785C2916B16C732A9E9E /* libPods.a */; };
/* End PBXBuildFile section */

/* Begin PBXContainerItemProxy section */
		47FF38DA1CC20F650085961B /* PBXContainerItemProxy */ = {
			isa = PBXContainerItemProxy;
			containerPortal = 47FF38B51CC20F640085961B /* Project object */;
			proxyType = 1;
			remoteGlobalIDString = 47FF38BC1CC20F640085961B;
			remoteInfo = Bodybuilding;
		};
		47FF38E51CC20F650085961B /* PBXContainerItemProxy */ = {
			isa = PBXContainerItemProxy;
			containerPortal = 47FF38B51CC20F640085961B /* Project object */;
			proxyType = 1;
			remoteGlobalIDString = 47FF38BC1CC20F640085961B;
			remoteInfo = Bodybuilding;
		};
/* End PBXContainerItemProxy section */

/* Begin PBXFileReference section */
		47FDB9321CC4AE7100203DA1 /* StorageMgr.h */ = {isa = PBXFileReference; fileEncoding = 4; lastKnownFileType = sourcecode.c.h; path = StorageMgr.h; sourceTree = "<group>"; };
		47FDB9331CC4AE7100203DA1 /* StorageMgr.m */ = {isa = PBXFileReference; fileEncoding = 4; lastKnownFileType = sourcecode.c.objc; path = StorageMgr.m; sourceTree = "<group>"; };
		47FDB9341CC4AE7100203DA1 /* Utilities.h */ = {isa = PBXFileReference; fileEncoding = 4; lastKnownFileType = sourcecode.c.h; path = Utilities.h; sourceTree = "<group>"; };
		47FDB9351CC4AE7100203DA1 /* Utilities.m */ = {isa = PBXFileReference; fileEncoding = 4; lastKnownFileType = sourcecode.c.objc; path = Utilities.m; sourceTree = "<group>"; };
		47FDB9381CC4AE9C00203DA1 /* Constants.h */ = {isa = PBXFileReference; lastKnownFileType = sourcecode.c.h; path = Constants.h; sourceTree = "<group>"; };
		47FDB93A1CC4AF3200203DA1 /* AppAPIClient.h */ = {isa = PBXFileReference; fileEncoding = 4; lastKnownFileType = sourcecode.c.h; path = AppAPIClient.h; sourceTree = "<group>"; };
		47FDB93B1CC4AF3200203DA1 /* AppAPIClient.m */ = {isa = PBXFileReference; fileEncoding = 4; lastKnownFileType = sourcecode.c.objc; path = AppAPIClient.m; sourceTree = "<group>"; };
		47FDB93C1CC4AF3200203DA1 /* NSData+Base64.h */ = {isa = PBXFileReference; fileEncoding = 4; lastKnownFileType = sourcecode.c.h; path = "NSData+Base64.h"; sourceTree = "<group>"; };
		47FDB93D1CC4AF3200203DA1 /* NSData+Base64.m */ = {isa = PBXFileReference; fileEncoding = 4; lastKnownFileType = sourcecode.c.objc; path = "NSData+Base64.m"; sourceTree = "<group>"; };
		47FDB93E1CC4AF3200203DA1 /* NSString+Crypt.h */ = {isa = PBXFileReference; fileEncoding = 4; lastKnownFileType = sourcecode.c.h; path = "NSString+Crypt.h"; sourceTree = "<group>"; };
		47FDB93F1CC4AF3200203DA1 /* NSString+Crypt.m */ = {isa = PBXFileReference; fileEncoding = 4; lastKnownFileType = sourcecode.c.objc; path = "NSString+Crypt.m"; sourceTree = "<group>"; };
		47FDB9401CC4AF3200203DA1 /* RequestAPI.h */ = {isa = PBXFileReference; fileEncoding = 4; lastKnownFileType = sourcecode.c.h; path = RequestAPI.h; sourceTree = "<group>"; };
		47FDB9411CC4AF3200203DA1 /* RequestAPI.m */ = {isa = PBXFileReference; fileEncoding = 4; lastKnownFileType = sourcecode.c.objc; path = RequestAPI.m; sourceTree = "<group>"; };
		47FDB9461CC4AF4600203DA1 /* Openssl.framework */ = {isa = PBXFileReference; lastKnownFileType = wrapper.framework; name = Openssl.framework; path = Bodybuilding/Openssl.framework; sourceTree = "<group>"; };
		47FDB9481CC4AF6500203DA1 /* BasicEncodingRules.h */ = {isa = PBXFileReference; fileEncoding = 4; lastKnownFileType = sourcecode.c.h; name = BasicEncodingRules.h; path = "SCZ-BasicEncodingRules/BasicEncodingRules.h"; sourceTree = "<group>"; };
		47FDB9491CC4AF6500203DA1 /* BasicEncodingRules.m */ = {isa = PBXFileReference; fileEncoding = 4; lastKnownFileType = sourcecode.c.objc; name = BasicEncodingRules.m; path = "SCZ-BasicEncodingRules/BasicEncodingRules.m"; sourceTree = "<group>"; };
		47FDB94B1CC4AFA500203DA1 /* PrefixHeader.pch */ = {isa = PBXFileReference; fileEncoding = 4; lastKnownFileType = sourcecode.c.h; path = PrefixHeader.pch; sourceTree = "<group>"; };
		47FF38BD1CC20F640085961B /* Bodybuilding.app */ = {isa = PBXFileReference; explicitFileType = wrapper.application; includeInIndex = 0; path = Bodybuilding.app; sourceTree = BUILT_PRODUCTS_DIR; };
		47FF38C11CC20F640085961B /* main.m */ = {isa = PBXFileReference; lastKnownFileType = sourcecode.c.objc; path = main.m; sourceTree = "<group>"; };
		47FF38C31CC20F640085961B /* AppDelegate.h */ = {isa = PBXFileReference; lastKnownFileType = sourcecode.c.h; path = AppDelegate.h; sourceTree = "<group>"; };
		47FF38C41CC20F640085961B /* AppDelegate.m */ = {isa = PBXFileReference; lastKnownFileType = sourcecode.c.objc; path = AppDelegate.m; sourceTree = "<group>"; };
		47FF38C61CC20F640085961B /* ViewController.h */ = {isa = PBXFileReference; lastKnownFileType = sourcecode.c.h; path = ViewController.h; sourceTree = "<group>"; };
		47FF38C71CC20F640085961B /* ViewController.m */ = {isa = PBXFileReference; lastKnownFileType = sourcecode.c.objc; path = ViewController.m; sourceTree = "<group>"; };
		47FF38CA1CC20F650085961B /* Base */ = {isa = PBXFileReference; lastKnownFileType = file.storyboard; name = Base; path = Base.lproj/Main.storyboard; sourceTree = "<group>"; };
		47FF38CD1CC20F650085961B /* Bodybuilding.xcdatamodel */ = {isa = PBXFileReference; lastKnownFileType = wrapper.xcdatamodel; path = Bodybuilding.xcdatamodel; sourceTree = "<group>"; };
		47FF38CF1CC20F650085961B /* Assets.xcassets */ = {isa = PBXFileReference; lastKnownFileType = folder.assetcatalog; path = Assets.xcassets; sourceTree = "<group>"; };
		47FF38D21CC20F650085961B /* Base */ = {isa = PBXFileReference; lastKnownFileType = file.storyboard; name = Base; path = Base.lproj/LaunchScreen.storyboard; sourceTree = "<group>"; };
		47FF38D41CC20F650085961B /* Info.plist */ = {isa = PBXFileReference; lastKnownFileType = text.plist.xml; path = Info.plist; sourceTree = "<group>"; };
		47FF38D91CC20F650085961B /* BodybuildingTests.xctest */ = {isa = PBXFileReference; explicitFileType = wrapper.cfbundle; includeInIndex = 0; path = BodybuildingTests.xctest; sourceTree = BUILT_PRODUCTS_DIR; };
		47FF38DD1CC20F650085961B /* BodybuildingTests.m */ = {isa = PBXFileReference; lastKnownFileType = sourcecode.c.objc; path = BodybuildingTests.m; sourceTree = "<group>"; };
		47FF38DF1CC20F650085961B /* Info.plist */ = {isa = PBXFileReference; lastKnownFileType = text.plist.xml; path = Info.plist; sourceTree = "<group>"; };
		47FF38E41CC20F650085961B /* BodybuildingUITests.xctest */ = {isa = PBXFileReference; explicitFileType = wrapper.cfbundle; includeInIndex = 0; path = BodybuildingUITests.xctest; sourceTree = BUILT_PRODUCTS_DIR; };
		47FF38E81CC20F650085961B /* BodybuildingUITests.m */ = {isa = PBXFileReference; lastKnownFileType = sourcecode.c.objc; path = BodybuildingUITests.m; sourceTree = "<group>"; };
		47FF38EA1CC20F650085961B /* Info.plist */ = {isa = PBXFileReference; lastKnownFileType = text.plist.xml; path = Info.plist; sourceTree = "<group>"; };
		6BC4B9D45CEE28FC180045C6 /* Pods.debug.xcconfig */ = {isa = PBXFileReference; includeInIndex = 1; lastKnownFileType = text.xcconfig; name = Pods.debug.xcconfig; path = "Pods/Target Support Files/Pods/Pods.debug.xcconfig"; sourceTree = "<group>"; };
		EDFA0BE661D412902CD85AE3 /* Pods.release.xcconfig */ = {isa = PBXFileReference; includeInIndex = 1; lastKnownFileType = text.xcconfig; name = Pods.release.xcconfig; path = "Pods/Target Support Files/Pods/Pods.release.xcconfig"; sourceTree = "<group>"; };
		FEEF785C2916B16C732A9E9E /* libPods.a */ = {isa = PBXFileReference; explicitFileType = archive.ar; includeInIndex = 0; path = libPods.a; sourceTree = BUILT_PRODUCTS_DIR; };
/* End PBXFileReference section */

/* Begin PBXFrameworksBuildPhase section */
		47FF38BA1CC20F640085961B /* Frameworks */ = {
			isa = PBXFrameworksBuildPhase;
			buildActionMask = 2147483647;
			files = (
				47FDB9471CC4AF4600203DA1 /* Openssl.framework in Frameworks */,
				A50EF20E85E41661919D2A83 /* libPods.a in Frameworks */,
			);
			runOnlyForDeploymentPostprocessing = 0;
		};
		47FF38D61CC20F650085961B /* Frameworks */ = {
			isa = PBXFrameworksBuildPhase;
			buildActionMask = 2147483647;
			files = (
			);
			runOnlyForDeploymentPostprocessing = 0;
		};
		47FF38E11CC20F650085961B /* Frameworks */ = {
			isa = PBXFrameworksBuildPhase;
			buildActionMask = 2147483647;
			files = (
			);
			runOnlyForDeploymentPostprocessing = 0;
		};
/* End PBXFrameworksBuildPhase section */

/* Begin PBXGroup section */
		47FDB92C1CC4AE0500203DA1 /* Controller */ = {
			isa = PBXGroup;
			children = (
				47FF38C61CC20F640085961B /* ViewController.h */,
				47FF38C71CC20F640085961B /* ViewController.m */,
			);
			name = Controller;
			sourceTree = "<group>";
		};
		47FDB92D1CC4AE0C00203DA1 /* View */ = {
			isa = PBXGroup;
			children = (
				47FF38C91CC20F650085961B /* Main.storyboard */,
				47FF38D11CC20F650085961B /* LaunchScreen.storyboard */,
				47FF38CF1CC20F650085961B /* Assets.xcassets */,
			);
			name = View;
			sourceTree = "<group>";
		};
		47FDB92E1CC4AE1200203DA1 /* Model */ = {
			isa = PBXGroup;
			children = (
				47FF38CC1CC20F650085961B /* Bodybuilding.xcdatamodeld */,
			);
			name = Model;
			sourceTree = "<group>";
		};
		47FDB92F1CC4AE1B00203DA1 /* Utility */ = {
			isa = PBXGroup;
			children = (
				47FDB9321CC4AE7100203DA1 /* StorageMgr.h */,
				47FDB9331CC4AE7100203DA1 /* StorageMgr.m */,
				47FDB9341CC4AE7100203DA1 /* Utilities.h */,
				47FDB9351CC4AE7100203DA1 /* Utilities.m */,
				47FDB93A1CC4AF3200203DA1 /* AppAPIClient.h */,
				47FDB93B1CC4AF3200203DA1 /* AppAPIClient.m */,
				47FDB93C1CC4AF3200203DA1 /* NSData+Base64.h */,
				47FDB93D1CC4AF3200203DA1 /* NSData+Base64.m */,
				47FDB93E1CC4AF3200203DA1 /* NSString+Crypt.h */,
				47FDB93F1CC4AF3200203DA1 /* NSString+Crypt.m */,
				47FDB9401CC4AF3200203DA1 /* RequestAPI.h */,
				47FDB9411CC4AF3200203DA1 /* RequestAPI.m */,
			);
			name = Utility;
			sourceTree = "<group>";
		};
		47FDB9301CC4AE2600203DA1 /* Constant */ = {
			isa = PBXGroup;
			children = (
				47FDB9381CC4AE9C00203DA1 /* Constants.h */,
			);
			name = Constant;
			sourceTree = "<group>";
		};
		47FDB9311CC4AE3700203DA1 /* 3rd */ = {
			isa = PBXGroup;
			children = (
				47FDB9391CC4AF0000203DA1 /* SCZ-BasicEncodingRules */,
			);
			name = 3rd;
			sourceTree = "<group>";
		};
		47FDB9391CC4AF0000203DA1 /* SCZ-BasicEncodingRules */ = {
			isa = PBXGroup;
			children = (
				47FDB9481CC4AF6500203DA1 /* BasicEncodingRules.h */,
				47FDB9491CC4AF6500203DA1 /* BasicEncodingRules.m */,
			);
			name = "SCZ-BasicEncodingRules";
			sourceTree = "<group>";
		};
		47FF38B41CC20F640085961B = {
			isa = PBXGroup;
			children = (
				47FF38BF1CC20F640085961B /* Bodybuilding */,
				47FF38DC1CC20F650085961B /* BodybuildingTests */,
				47FF38E71CC20F650085961B /* BodybuildingUITests */,
				47FF38BE1CC20F640085961B /* Products */,
				756B39B9523A55339253C9E8 /* Pods */,
				F4EDA1B41074374367D02BF1 /* Frameworks */,
			);
			sourceTree = "<group>";
		};
		47FF38BE1CC20F640085961B /* Products */ = {
			isa = PBXGroup;
			children = (
				47FF38BD1CC20F640085961B /* Bodybuilding.app */,
				47FF38D91CC20F650085961B /* BodybuildingTests.xctest */,
				47FF38E41CC20F650085961B /* BodybuildingUITests.xctest */,
			);
			name = Products;
			sourceTree = "<group>";
		};
		47FF38BF1CC20F640085961B /* Bodybuilding */ = {
			isa = PBXGroup;
			children = (
				47FDB9311CC4AE3700203DA1 /* 3rd */,
				47FDB9301CC4AE2600203DA1 /* Constant */,
				47FDB92F1CC4AE1B00203DA1 /* Utility */,
				47FDB92E1CC4AE1200203DA1 /* Model */,
				47FDB92D1CC4AE0C00203DA1 /* View */,
				47FDB92C1CC4AE0500203DA1 /* Controller */,
				47FF38C01CC20F640085961B /* Supporting Files */,
			);
			path = Bodybuilding;
			sourceTree = "<group>";
		};
		47FF38C01CC20F640085961B /* Supporting Files */ = {
			isa = PBXGroup;
			children = (
				47FF38C31CC20F640085961B /* AppDelegate.h */,
				47FF38C41CC20F640085961B /* AppDelegate.m */,
				47FDB94B1CC4AFA500203DA1 /* PrefixHeader.pch */,
				47FF38C11CC20F640085961B /* main.m */,
				47FF38D41CC20F650085961B /* Info.plist */,
			);
			name = "Supporting Files";
			sourceTree = "<group>";
		};
		47FF38DC1CC20F650085961B /* BodybuildingTests */ = {
			isa = PBXGroup;
			children = (
				47FF38DD1CC20F650085961B /* BodybuildingTests.m */,
				47FF38DF1CC20F650085961B /* Info.plist */,
			);
			path = BodybuildingTests;
			sourceTree = "<group>";
		};
		47FF38E71CC20F650085961B /* BodybuildingUITests */ = {
			isa = PBXGroup;
			children = (
				47FF38E81CC20F650085961B /* BodybuildingUITests.m */,
				47FF38EA1CC20F650085961B /* Info.plist */,
			);
			path = BodybuildingUITests;
			sourceTree = "<group>";
		};
		756B39B9523A55339253C9E8 /* Pods */ = {
			isa = PBXGroup;
			children = (
				6BC4B9D45CEE28FC180045C6 /* Pods.debug.xcconfig */,
				EDFA0BE661D412902CD85AE3 /* Pods.release.xcconfig */,
			);
			name = Pods;
			sourceTree = "<group>";
		};
		F4EDA1B41074374367D02BF1 /* Frameworks */ = {
			isa = PBXGroup;
			children = (
				47FDB9461CC4AF4600203DA1 /* Openssl.framework */,
				FEEF785C2916B16C732A9E9E /* libPods.a */,
			);
			name = Frameworks;
			sourceTree = "<group>";
		};
/* End PBXGroup section */

/* Begin PBXNativeTarget section */
		47FF38BC1CC20F640085961B /* Bodybuilding */ = {
			isa = PBXNativeTarget;
			buildConfigurationList = 47FF38ED1CC20F650085961B /* Build configuration list for PBXNativeTarget "Bodybuilding" */;
			buildPhases = (
				B04C43B5E0167634F1B0E3C4 /* Check Pods Manifest.lock */,
				47FF38B91CC20F640085961B /* Sources */,
				47FF38BA1CC20F640085961B /* Frameworks */,
				47FF38BB1CC20F640085961B /* Resources */,
				B3E005786219587E8F245F14 /* Embed Pods Frameworks */,
				45FF813BCE5421602C9BD09F /* Copy Pods Resources */,
			);
			buildRules = (
			);
			dependencies = (
			);
			name = Bodybuilding;
			productName = Bodybuilding;
			productReference = 47FF38BD1CC20F640085961B /* Bodybuilding.app */;
			productType = "com.apple.product-type.application";
		};
		47FF38D81CC20F650085961B /* BodybuildingTests */ = {
			isa = PBXNativeTarget;
			buildConfigurationList = 47FF38F01CC20F650085961B /* Build configuration list for PBXNativeTarget "BodybuildingTests" */;
			buildPhases = (
				47FF38D51CC20F650085961B /* Sources */,
				47FF38D61CC20F650085961B /* Frameworks */,
				47FF38D71CC20F650085961B /* Resources */,
			);
			buildRules = (
			);
			dependencies = (
				47FF38DB1CC20F650085961B /* PBXTargetDependency */,
			);
			name = BodybuildingTests;
			productName = BodybuildingTests;
			productReference = 47FF38D91CC20F650085961B /* BodybuildingTests.xctest */;
			productType = "com.apple.product-type.bundle.unit-test";
		};
		47FF38E31CC20F650085961B /* BodybuildingUITests */ = {
			isa = PBXNativeTarget;
			buildConfigurationList = 47FF38F31CC20F650085961B /* Build configuration list for PBXNativeTarget "BodybuildingUITests" */;
			buildPhases = (
				47FF38E01CC20F650085961B /* Sources */,
				47FF38E11CC20F650085961B /* Frameworks */,
				47FF38E21CC20F650085961B /* Resources */,
			);
			buildRules = (
			);
			dependencies = (
				47FF38E61CC20F650085961B /* PBXTargetDependency */,
			);
			name = BodybuildingUITests;
			productName = BodybuildingUITests;
			productReference = 47FF38E41CC20F650085961B /* BodybuildingUITests.xctest */;
			productType = "com.apple.product-type.bundle.ui-testing";
		};
/* End PBXNativeTarget section */

/* Begin PBXProject section */
		47FF38B51CC20F640085961B /* Project object */ = {
			isa = PBXProject;
			attributes = {
				LastUpgradeCheck = 0720;
				ORGANIZATIONNAME = JianShen;
				TargetAttributes = {
					47FF38BC1CC20F640085961B = {
						CreatedOnToolsVersion = 7.2;
					};
					47FF38D81CC20F650085961B = {
						CreatedOnToolsVersion = 7.2;
						TestTargetID = 47FF38BC1CC20F640085961B;
					};
					47FF38E31CC20F650085961B = {
						CreatedOnToolsVersion = 7.2;
						TestTargetID = 47FF38BC1CC20F640085961B;
					};
				};
			};
			buildConfigurationList = 47FF38B81CC20F640085961B /* Build configuration list for PBXProject "Bodybuilding" */;
			compatibilityVersion = "Xcode 3.2";
			developmentRegion = English;
			hasScannedForEncodings = 0;
			knownRegions = (
				en,
				Base,
			);
			mainGroup = 47FF38B41CC20F640085961B;
			productRefGroup = 47FF38BE1CC20F640085961B /* Products */;
			projectDirPath = "";
			projectRoot = "";
			targets = (
				47FF38BC1CC20F640085961B /* Bodybuilding */,
				47FF38D81CC20F650085961B /* BodybuildingTests */,
				47FF38E31CC20F650085961B /* BodybuildingUITests */,
			);
		};
/* End PBXProject section */

/* Begin PBXResourcesBuildPhase section */
		47FF38BB1CC20F640085961B /* Resources */ = {
			isa = PBXResourcesBuildPhase;
			buildActionMask = 2147483647;
			files = (
				47FF38D31CC20F650085961B /* LaunchScreen.storyboard in Resources */,
				47FF38D01CC20F650085961B /* Assets.xcassets in Resources */,
				47FF38CB1CC20F650085961B /* Main.storyboard in Resources */,
			);
			runOnlyForDeploymentPostprocessing = 0;
		};
		47FF38D71CC20F650085961B /* Resources */ = {
			isa = PBXResourcesBuildPhase;
			buildActionMask = 2147483647;
			files = (
			);
			runOnlyForDeploymentPostprocessing = 0;
		};
		47FF38E21CC20F650085961B /* Resources */ = {
			isa = PBXResourcesBuildPhase;
			buildActionMask = 2147483647;
			files = (
			);
			runOnlyForDeploymentPostprocessing = 0;
		};
/* End PBXResourcesBuildPhase section */

/* Begin PBXShellScriptBuildPhase section */
		45FF813BCE5421602C9BD09F /* Copy Pods Resources */ = {
			isa = PBXShellScriptBuildPhase;
			buildActionMask = 2147483647;
			files = (
			);
			inputPaths = (
			);
			name = "Copy Pods Resources";
			outputPaths = (
			);
			runOnlyForDeploymentPostprocessing = 0;
			shellPath = /bin/sh;
			shellScript = "\"${SRCROOT}/Pods/Target Support Files/Pods/Pods-resources.sh\"\n";
			showEnvVarsInLog = 0;
		};
		B04C43B5E0167634F1B0E3C4 /* Check Pods Manifest.lock */ = {
			isa = PBXShellScriptBuildPhase;
			buildActionMask = 2147483647;
			files = (
			);
			inputPaths = (
			);
			name = "Check Pods Manifest.lock";
			outputPaths = (
			);
			runOnlyForDeploymentPostprocessing = 0;
			shellPath = /bin/sh;
			shellScript = "diff \"${PODS_ROOT}/../Podfile.lock\" \"${PODS_ROOT}/Manifest.lock\" > /dev/null\nif [[ $? != 0 ]] ; then\n    cat << EOM\nerror: The sandbox is not in sync with the Podfile.lock. Run 'pod install' or update your CocoaPods installation.\nEOM\n    exit 1\nfi\n";
			showEnvVarsInLog = 0;
		};
		B3E005786219587E8F245F14 /* Embed Pods Frameworks */ = {
			isa = PBXShellScriptBuildPhase;
			buildActionMask = 2147483647;
			files = (
			);
			inputPaths = (
			);
			name = "Embed Pods Frameworks";
			outputPaths = (
			);
			runOnlyForDeploymentPostprocessing = 0;
			shellPath = /bin/sh;
			shellScript = "\"${SRCROOT}/Pods/Target Support Files/Pods/Pods-frameworks.sh\"\n";
			showEnvVarsInLog = 0;
		};
/* End PBXShellScriptBuildPhase section */

/* Begin PBXSourcesBuildPhase section */
		47FF38B91CC20F640085961B /* Sources */ = {
			isa = PBXSourcesBuildPhase;
			buildActionMask = 2147483647;
			files = (
				47FDB9451CC4AF3200203DA1 /* RequestAPI.m in Sources */,
				47FDB9371CC4AE7100203DA1 /* Utilities.m in Sources */,
				47FDB94A1CC4AF6500203DA1 /* BasicEncodingRules.m in Sources */,
				47FDB9441CC4AF3200203DA1 /* NSString+Crypt.m in Sources */,
				47FF38C81CC20F640085961B /* ViewController.m in Sources */,
				47FDB9421CC4AF3200203DA1 /* AppAPIClient.m in Sources */,
				47FF38CE1CC20F650085961B /* Bodybuilding.xcdatamodeld in Sources */,
				47FF38C51CC20F640085961B /* AppDelegate.m in Sources */,
				47FDB9431CC4AF3200203DA1 /* NSData+Base64.m in Sources */,
				47FF38C21CC20F640085961B /* main.m in Sources */,
				47FDB9361CC4AE7100203DA1 /* StorageMgr.m in Sources */,
			);
			runOnlyForDeploymentPostprocessing = 0;
		};
		47FF38D51CC20F650085961B /* Sources */ = {
			isa = PBXSourcesBuildPhase;
			buildActionMask = 2147483647;
			files = (
				47FF38DE1CC20F650085961B /* BodybuildingTests.m in Sources */,
			);
			runOnlyForDeploymentPostprocessing = 0;
		};
		47FF38E01CC20F650085961B /* Sources */ = {
			isa = PBXSourcesBuildPhase;
			buildActionMask = 2147483647;
			files = (
				47FF38E91CC20F650085961B /* BodybuildingUITests.m in Sources */,
			);
			runOnlyForDeploymentPostprocessing = 0;
		};
/* End PBXSourcesBuildPhase section */

/* Begin PBXTargetDependency section */
		47FF38DB1CC20F650085961B /* PBXTargetDependency */ = {
			isa = PBXTargetDependency;
			target = 47FF38BC1CC20F640085961B /* Bodybuilding */;
			targetProxy = 47FF38DA1CC20F650085961B /* PBXContainerItemProxy */;
		};
		47FF38E61CC20F650085961B /* PBXTargetDependency */ = {
			isa = PBXTargetDependency;
			target = 47FF38BC1CC20F640085961B /* Bodybuilding */;
			targetProxy = 47FF38E51CC20F650085961B /* PBXContainerItemProxy */;
		};
/* End PBXTargetDependency section */

/* Begin PBXVariantGroup section */
		47FF38C91CC20F650085961B /* Main.storyboard */ = {
			isa = PBXVariantGroup;
			children = (
				47FF38CA1CC20F650085961B /* Base */,
			);
			name = Main.storyboard;
			sourceTree = "<group>";
		};
		47FF38D11CC20F650085961B /* LaunchScreen.storyboard */ = {
			isa = PBXVariantGroup;
			children = (
				47FF38D21CC20F650085961B /* Base */,
			);
			name = LaunchScreen.storyboard;
			sourceTree = "<group>";
		};
/* End PBXVariantGroup section */

/* Begin XCBuildConfiguration section */
		47FF38EB1CC20F650085961B /* Debug */ = {
			isa = XCBuildConfiguration;
			buildSettings = {
				ALWAYS_SEARCH_USER_PATHS = NO;
				CLANG_CXX_LANGUAGE_STANDARD = "gnu++0x";
				CLANG_CXX_LIBRARY = "libc++";
				CLANG_ENABLE_MODULES = YES;
				CLANG_ENABLE_OBJC_ARC = YES;
				CLANG_WARN_BOOL_CONVERSION = YES;
				CLANG_WARN_CONSTANT_CONVERSION = YES;
				CLANG_WARN_DIRECT_OBJC_ISA_USAGE = YES_ERROR;
				CLANG_WARN_EMPTY_BODY = YES;
				CLANG_WARN_ENUM_CONVERSION = YES;
				CLANG_WARN_INT_CONVERSION = YES;
				CLANG_WARN_OBJC_ROOT_CLASS = YES_ERROR;
				CLANG_WARN_UNREACHABLE_CODE = YES;
				CLANG_WARN__DUPLICATE_METHOD_MATCH = YES;
				"CODE_SIGN_IDENTITY[sdk=iphoneos*]" = "iPhone Developer";
				COPY_PHASE_STRIP = NO;
				DEBUG_INFORMATION_FORMAT = dwarf;
				ENABLE_STRICT_OBJC_MSGSEND = YES;
				ENABLE_TESTABILITY = YES;
				GCC_C_LANGUAGE_STANDARD = gnu99;
				GCC_DYNAMIC_NO_PIC = NO;
				GCC_NO_COMMON_BLOCKS = YES;
				GCC_OPTIMIZATION_LEVEL = 0;
				GCC_PREPROCESSOR_DEFINITIONS = (
					"DEBUG=1",
					"$(inherited)",
				);
				GCC_WARN_64_TO_32_BIT_CONVERSION = YES;
				GCC_WARN_ABOUT_RETURN_TYPE = YES_ERROR;
				GCC_WARN_UNDECLARED_SELECTOR = YES;
				GCC_WARN_UNINITIALIZED_AUTOS = YES_AGGRESSIVE;
				GCC_WARN_UNUSED_FUNCTION = YES;
				GCC_WARN_UNUSED_VARIABLE = YES;
				IPHONEOS_DEPLOYMENT_TARGET = 9.2;
				MTL_ENABLE_DEBUG_INFO = YES;
				ONLY_ACTIVE_ARCH = YES;
				SDKROOT = iphoneos;
			};
			name = Debug;
		};
		47FF38EC1CC20F650085961B /* Release */ = {
			isa = XCBuildConfiguration;
			buildSettings = {
				ALWAYS_SEARCH_USER_PATHS = NO;
				CLANG_CXX_LANGUAGE_STANDARD = "gnu++0x";
				CLANG_CXX_LIBRARY = "libc++";
				CLANG_ENABLE_MODULES = YES;
				CLANG_ENABLE_OBJC_ARC = YES;
				CLANG_WARN_BOOL_CONVERSION = YES;
				CLANG_WARN_CONSTANT_CONVERSION = YES;
				CLANG_WARN_DIRECT_OBJC_ISA_USAGE = YES_ERROR;
				CLANG_WARN_EMPTY_BODY = YES;
				CLANG_WARN_ENUM_CONVERSION = YES;
				CLANG_WARN_INT_CONVERSION = YES;
				CLANG_WARN_OBJC_ROOT_CLASS = YES_ERROR;
				CLANG_WARN_UNREACHABLE_CODE = YES;
				CLANG_WARN__DUPLICATE_METHOD_MATCH = YES;
				"CODE_SIGN_IDENTITY[sdk=iphoneos*]" = "iPhone Developer";
				COPY_PHASE_STRIP = NO;
				DEBUG_INFORMATION_FORMAT = "dwarf-with-dsym";
				ENABLE_NS_ASSERTIONS = NO;
				ENABLE_STRICT_OBJC_MSGSEND = YES;
				GCC_C_LANGUAGE_STANDARD = gnu99;
				GCC_NO_COMMON_BLOCKS = YES;
				GCC_WARN_64_TO_32_BIT_CONVERSION = YES;
				GCC_WARN_ABOUT_RETURN_TYPE = YES_ERROR;
				GCC_WARN_UNDECLARED_SELECTOR = YES;
				GCC_WARN_UNINITIALIZED_AUTOS = YES_AGGRESSIVE;
				GCC_WARN_UNUSED_FUNCTION = YES;
				GCC_WARN_UNUSED_VARIABLE = YES;
				IPHONEOS_DEPLOYMENT_TARGET = 9.2;
				MTL_ENABLE_DEBUG_INFO = NO;
				SDKROOT = iphoneos;
				VALIDATE_PRODUCT = YES;
			};
			name = Release;
		};
		47FF38EE1CC20F650085961B /* Debug */ = {
			isa = XCBuildConfiguration;
			baseConfigurationReference = 6BC4B9D45CEE28FC180045C6 /* Pods.debug.xcconfig */;
			buildSettings = {
				ASSETCATALOG_COMPILER_APPICON_NAME = AppIcon;
				FRAMEWORK_SEARCH_PATHS = (
					"$(inherited)",
					"$(PROJECT_DIR)/Bodybuilding",
				);
				GCC_PRECOMPILE_PREFIX_HEADER = YES;
				GCC_PREFIX_HEADER = Bodybuilding/PrefixHeader.pch;
				INFOPLIST_FILE = Bodybuilding/Info.plist;
				LD_RUNPATH_SEARCH_PATHS = "$(inherited) @executable_path/Frameworks";
				PRODUCT_BUNDLE_IDENTIFIER = js.Bodybuilding;
				PRODUCT_NAME = "$(TARGET_NAME)";
			};
			name = Debug;
		};
		47FF38EF1CC20F650085961B /* Release */ = {
			isa = XCBuildConfiguration;
			baseConfigurationReference = EDFA0BE661D412902CD85AE3 /* Pods.release.xcconfig */;
			buildSettings = {
				ASSETCATALOG_COMPILER_APPICON_NAME = AppIcon;
				FRAMEWORK_SEARCH_PATHS = (
					"$(inherited)",
					"$(PROJECT_DIR)/Bodybuilding",
				);
				GCC_PRECOMPILE_PREFIX_HEADER = YES;
				GCC_PREFIX_HEADER = Bodybuilding/PrefixHeader.pch;
				INFOPLIST_FILE = Bodybuilding/Info.plist;
				LD_RUNPATH_SEARCH_PATHS = "$(inherited) @executable_path/Frameworks";
				PRODUCT_BUNDLE_IDENTIFIER = js.Bodybuilding;
				PRODUCT_NAME = "$(TARGET_NAME)";
			};
			name = Release;
		};
		47FF38F11CC20F650085961B /* Debug */ = {
			isa = XCBuildConfiguration;
			buildSettings = {
				BUNDLE_LOADER = "$(TEST_HOST)";
				INFOPLIST_FILE = BodybuildingTests/Info.plist;
				LD_RUNPATH_SEARCH_PATHS = "$(inherited) @executable_path/Frameworks @loader_path/Frameworks";
				PRODUCT_BUNDLE_IDENTIFIER = js.BodybuildingTests;
				PRODUCT_NAME = "$(TARGET_NAME)";
				TEST_HOST = "$(BUILT_PRODUCTS_DIR)/Bodybuilding.app/Bodybuilding";
			};
			name = Debug;
		};
		47FF38F21CC20F650085961B /* Release */ = {
			isa = XCBuildConfiguration;
			buildSettings = {
				BUNDLE_LOADER = "$(TEST_HOST)";
				INFOPLIST_FILE = BodybuildingTests/Info.plist;
				LD_RUNPATH_SEARCH_PATHS = "$(inherited) @executable_path/Frameworks @loader_path/Frameworks";
				PRODUCT_BUNDLE_IDENTIFIER = js.BodybuildingTests;
				PRODUCT_NAME = "$(TARGET_NAME)";
				TEST_HOST = "$(BUILT_PRODUCTS_DIR)/Bodybuilding.app/Bodybuilding";
			};
			name = Release;
		};
		47FF38F41CC20F650085961B /* Debug */ = {
			isa = XCBuildConfiguration;
			buildSettings = {
				INFOPLIST_FILE = BodybuildingUITests/Info.plist;
				LD_RUNPATH_SEARCH_PATHS = "$(inherited) @executable_path/Frameworks @loader_path/Frameworks";
				PRODUCT_BUNDLE_IDENTIFIER = js.BodybuildingUITests;
				PRODUCT_NAME = "$(TARGET_NAME)";
				TEST_TARGET_NAME = Bodybuilding;
				USES_XCTRUNNER = YES;
			};
			name = Debug;
		};
		47FF38F51CC20F650085961B /* Release */ = {
			isa = XCBuildConfiguration;
			buildSettings = {
				INFOPLIST_FILE = BodybuildingUITests/Info.plist;
				LD_RUNPATH_SEARCH_PATHS = "$(inherited) @executable_path/Frameworks @loader_path/Frameworks";
				PRODUCT_BUNDLE_IDENTIFIER = js.BodybuildingUITests;
				PRODUCT_NAME = "$(TARGET_NAME)";
				TEST_TARGET_NAME = Bodybuilding;
				USES_XCTRUNNER = YES;
			};
			name = Release;
		};
/* End XCBuildConfiguration section */

/* Begin XCConfigurationList section */
		47FF38B81CC20F640085961B /* Build configuration list for PBXProject "Bodybuilding" */ = {
			isa = XCConfigurationList;
			buildConfigurations = (
				47FF38EB1CC20F650085961B /* Debug */,
				47FF38EC1CC20F650085961B /* Release */,
			);
			defaultConfigurationIsVisible = 0;
			defaultConfigurationName = Release;
		};
		47FF38ED1CC20F650085961B /* Build configuration list for PBXNativeTarget "Bodybuilding" */ = {
			isa = XCConfigurationList;
			buildConfigurations = (
				47FF38EE1CC20F650085961B /* Debug */,
				47FF38EF1CC20F650085961B /* Release */,
			);
			defaultConfigurationIsVisible = 0;
			defaultConfigurationName = Release;
		};
		47FF38F01CC20F650085961B /* Build configuration list for PBXNativeTarget "BodybuildingTests" */ = {
			isa = XCConfigurationList;
			buildConfigurations = (
				47FF38F11CC20F650085961B /* Debug */,
				47FF38F21CC20F650085961B /* Release */,
			);
			defaultConfigurationIsVisible = 0;
			defaultConfigurationName = Release;
		};
		47FF38F31CC20F650085961B /* Build configuration list for PBXNativeTarget "BodybuildingUITests" */ = {
			isa = XCConfigurationList;
			buildConfigurations = (
				47FF38F41CC20F650085961B /* Debug */,
				47FF38F51CC20F650085961B /* Release */,
			);
			defaultConfigurationIsVisible = 0;
			defaultConfigurationName = Release;
		};
/* End XCConfigurationList section */

/* Begin XCVersionGroup section */
		47FF38CC1CC20F650085961B /* Bodybuilding.xcdatamodeld */ = {
			isa = XCVersionGroup;
			children = (
				47FF38CD1CC20F650085961B /* Bodybuilding.xcdatamodel */,
			);
			currentVersion = 47FF38CD1CC20F650085961B /* Bodybuilding.xcdatamodel */;
			path = Bodybuilding.xcdatamodeld;
			sourceTree = "<group>";
			versionGroupType = wrapper.xcdatamodel;
		};
/* End XCVersionGroup section */
	};
	rootObject = 47FF38B51CC20F640085961B /* Project object */;
}
